
Microsoft Visual Studio Solution File, Format Version 12.00
# Visual Studio 15
VisualStudioVersion = 15.0.27130.2010
MinimumVisualStudioVersion = 10.0.40219.1
Project("{FAE04EC0-301F-11D3-BF4B-00C04F79EFBC}") = "Conversion", "Conversion\Conversion.csproj", "{19076F3A-AD57-4C20-BE3C-723E832C4C59}"
EndProject
Global
	GlobalSection(SolutionConfigurationPlatforms) = preSolution
		Debug|Any CPU = Debug|Any CPU
		Release|Any CPU = Release|Any CPU
	EndGlobalSection
	GlobalSection(ProjectConfigurationPlatforms) = postSolution
		{19076F3A-AD57-4C20-BE3C-723E832C4C59}.Debug|Any CPU.ActiveCfg = Debug|Any CPU
		{19076F3A-AD57-4C20-BE3C-723E832C4C59}.Debug|Any CPU.Build.0 = Debug|Any CPU
		{19076F3A-AD57-4C20-BE3C-723E832C4C59}.Release|Any CPU.ActiveCfg = Release|Any CPU
		{19076F3A-AD57-4C20-BE3C-723E832C4C59}.Release|Any CPU.Build.0 = Release|Any CPU
	EndGlobalSection
	GlobalSection(SolutionProperties) = preSolution
		HideSolutionNode = FALSE
	EndGlobalSection
	GlobalSection(ExtensibilityGlobals) = postSolution
		SolutionGuid = {DBFAC5D3-8FC5-4723-BEFC-EBA0F0690E8A}
	EndGlobalSection
EndGlobal
